
Microsoft Visual Studio Solution File, Format Version 12.00
# Visual Studio Version 17
VisualStudioVersion = 17.3.32929.385
MinimumVisualStudioVersion = 10.0.40219.1
Project("{8BC9CEB8-8B4A-11D0-8D11-00A0C91BC942}") = "Wizualizacja_1", "Wizualizacja_1\Wizualizacja_1.vcxproj", "{79BE8010-E53C-4598-93D5-EAD9F07DD00B}"
EndProject
Global
	GlobalSection(SolutionConfigurationPlatforms) = preSolution
		Debug|x64 = Debug|x64
		Debug|x86 = Debug|x86
		Release|x64 = Release|x64
		Release|x86 = Release|x86
	EndGlobalSection
	GlobalSection(ProjectConfigurationPlatforms) = postSolution
		{79BE8010-E53C-4598-93D5-EAD9F07DD00B}.Debug|x64.ActiveCfg = Debug|x64
		{79BE8010-E53C-4598-93D5-EAD9F07DD00B}.Debug|x64.Build.0 = Debug|x64
		{79BE8010-E53C-4598-93D5-EAD9F07DD00B}.Debug|x86.ActiveCfg = Debug|Win32
		{79BE8010-E53C-4598-93D5-EAD9F07DD00B}.Debug|x86.Build.0 = Debug|Win32
		{79BE8010-E53C-4598-93D5-EAD9F07DD00B}.Release|x64.ActiveCfg = Release|x64
		{79BE8010-E53C-4598-93D5-EAD9F07DD00B}.Release|x64.Build.0 = Release|x64
		{79BE8010-E53C-4598-93D5-EAD9F07DD00B}.Release|x86.ActiveCfg = Release|Win32
		{79BE8010-E53C-4598-93D5-EAD9F07DD00B}.Release|x86.Build.0 = Release|Win32
	EndGlobalSection
	GlobalSection(SolutionProperties) = preSolution
		HideSolutionNode = FALSE
	EndGlobalSection
	GlobalSection(ExtensibilityGlobals) = postSolution
		SolutionGuid = {1C92D7CE-ECCF-4D32-9636-DC8EF17FAC41}
	EndGlobalSection
EndGlobal
